
Microsoft Visual Studio Solution File, Format Version 12.00
# Visual Studio Version 17
VisualStudioVersion = 17.5.33516.290
MinimumVisualStudioVersion = 10.0.40219.1
Project("{FAE04EC0-301F-11D3-BF4B-00C04F79EFBC}") = "ChallengeApp2", "ChallengeApp2\ChallengeApp2.csproj", "{7975D060-7498-46F2-854B-E14968653699}"
EndProject
Global
	GlobalSection(SolutionConfigurationPlatforms) = preSolution
		Debug|Any CPU = Debug|Any CPU
		Release|Any CPU = Release|Any CPU
	EndGlobalSection
	GlobalSection(ProjectConfigurationPlatforms) = postSolution
		{7975D060-7498-46F2-854B-E14968653699}.Debug|Any CPU.ActiveCfg = Debug|Any CPU
		{7975D060-7498-46F2-854B-E14968653699}.Debug|Any CPU.Build.0 = Debug|Any CPU
		{7975D060-7498-46F2-854B-E14968653699}.Release|Any CPU.ActiveCfg = Release|Any CPU
		{7975D060-7498-46F2-854B-E14968653699}.Release|Any CPU.Build.0 = Release|Any CPU
	EndGlobalSection
	GlobalSection(SolutionProperties) = preSolution
		HideSolutionNode = FALSE
	EndGlobalSection
	GlobalSection(ExtensibilityGlobals) = postSolution
		SolutionGuid = {7BF207FC-0609-49F8-A8DE-D4561E99984F}
	EndGlobalSection
EndGlobal
