
Microsoft Visual Studio Solution File, Format Version 12.00
# Visual Studio Version 17
VisualStudioVersion = 17.5.33516.290
MinimumVisualStudioVersion = 10.0.40219.1
Project("{9A19103F-16F7-4668-BE54-9A1E7A4F7556}") = "ChallengeApp", "ChallengeApp\ChallengeApp.csproj", "{3F5D6572-3C72-4441-ACBF-F57498BE79FD}"
EndProject
Project("{9A19103F-16F7-4668-BE54-9A1E7A4F7556}") = "ChallengeApp.test", "ChallengeApp.test\ChallengeApp.test.csproj", "{6C46E345-D0DC-46CF-BF52-84F6DDCF5C85}"
EndProject
Global
	GlobalSection(SolutionConfigurationPlatforms) = preSolution
		Debug|Any CPU = Debug|Any CPU
		Release|Any CPU = Release|Any CPU
	EndGlobalSection
	GlobalSection(ProjectConfigurationPlatforms) = postSolution
		{3F5D6572-3C72-4441-ACBF-F57498BE79FD}.Debug|Any CPU.ActiveCfg = Debug|Any CPU
		{3F5D6572-3C72-4441-ACBF-F57498BE79FD}.Debug|Any CPU.Build.0 = Debug|Any CPU
		{3F5D6572-3C72-4441-ACBF-F57498BE79FD}.Release|Any CPU.ActiveCfg = Release|Any CPU
		{3F5D6572-3C72-4441-ACBF-F57498BE79FD}.Release|Any CPU.Build.0 = Release|Any CPU
		{6C46E345-D0DC-46CF-BF52-84F6DDCF5C85}.Debug|Any CPU.ActiveCfg = Debug|Any CPU
		{6C46E345-D0DC-46CF-BF52-84F6DDCF5C85}.Debug|Any CPU.Build.0 = Debug|Any CPU
		{6C46E345-D0DC-46CF-BF52-84F6DDCF5C85}.Release|Any CPU.ActiveCfg = Release|Any CPU
		{6C46E345-D0DC-46CF-BF52-84F6DDCF5C85}.Release|Any CPU.Build.0 = Release|Any CPU
	EndGlobalSection
	GlobalSection(SolutionProperties) = preSolution
		HideSolutionNode = FALSE
	EndGlobalSection
	GlobalSection(ExtensibilityGlobals) = postSolution
		SolutionGuid = {2C3C4BDF-39EB-42D5-9D67-BD40330083AB}
	EndGlobalSection
EndGlobal
